
Microsoft Visual Studio Solution File, Format Version 12.00
# Visual Studio 15
VisualStudioVersion = 15.0.28307.168
MinimumVisualStudioVersion = 10.0.40219.1
Project("{2150E333-8FDC-42A3-9474-1A3956D46DE8}") = "2 - Applications", "2 - Applications", "{D8C5323E-4B08-4F50-B8EC-6B771A13F6FA}"
EndProject
Project("{2150E333-8FDC-42A3-9474-1A3956D46DE8}") = "3 - Domain", "3 - Domain", "{ED568A9B-4113-4E9F-95DD-2AD60CBCDFC2}"
EndProject
Project("{2150E333-8FDC-42A3-9474-1A3956D46DE8}") = "4 - Infraestrutura", "4 - Infraestrutura", "{49EA6319-25E4-4A0E-B630-7192DE21F158}"
EndProject
Project("{2150E333-8FDC-42A3-9474-1A3956D46DE8}") = "1 - Services", "1 - Services", "{040306F1-27EE-47E3-B37A-AAC1D7366A69}"
EndProject
Project("{FAE04EC0-301F-11D3-BF4B-00C04F79EFBC}") = "Bank.Api", "Bank.Api\Bank.Api.csproj", "{9A58B4F6-D356-487F-A432-4F0897A1E91A}"
EndProject
Project("{FAE04EC0-301F-11D3-BF4B-00C04F79EFBC}") = "Bank.Application", "Bank.Application\Bank.Application.csproj", "{48A77E25-D8BF-4BFB-A8D4-746576DF3283}"
EndProject
Project("{FAE04EC0-301F-11D3-BF4B-00C04F79EFBC}") = "Bank.Application.Tests", "Bank.Application.Tests\Bank.Application.Tests.csproj", "{32263535-9104-4956-BBD8-2F3807E1FCC0}"
EndProject
Project("{FAE04EC0-301F-11D3-BF4B-00C04F79EFBC}") = "Bank.Domain", "Bank.Domain\Bank.Domain.csproj", "{AE134FD8-03BA-4920-842F-F6B22BA87CF3}"
EndProject
Project("{FAE04EC0-301F-11D3-BF4B-00C04F79EFBC}") = "Bank.Domain.Tests", "Bank.Domain.Tests\Bank.Domain.Tests.csproj", "{B5FCCD82-941C-43E1-B3BC-81A0AAAC9F31}"
EndProject
Project("{FAE04EC0-301F-11D3-BF4B-00C04F79EFBC}") = "Bank.Infra.CrossCutting", "Bank.Infra.CrossCutting\Bank.Infra.CrossCutting.csproj", "{1146D718-DC00-44AC-A47C-D783926D9D96}"
EndProject
Project("{FAE04EC0-301F-11D3-BF4B-00C04F79EFBC}") = "Bank.Infra.Data", "Bank.Infra.Data\Bank.Infra.Data.csproj", "{0814C660-B51A-4C63-B670-61CB1ADCA2C9}"
EndProject
Project("{FAE04EC0-301F-11D3-BF4B-00C04F79EFBC}") = "Bank.Infra.Data.Tests", "Bank.Infra.Data.Tests\Bank.Infra.Data.Tests.csproj", "{F73DFAF3-F727-4F97-B641-6682B7B756F6}"
EndProject
Project("{FAE04EC0-301F-11D3-BF4B-00C04F79EFBC}") = "Bank.Api.Tests", "Bank.Api.Tests\Bank.Api.Tests.csproj", "{7DBD8D27-6C5B-46B7-A85F-A4E1F1176D8C}"
EndProject
Project("{2150E333-8FDC-42A3-9474-1A3956D46DE8}") = "5- Commun", "5- Commun", "{0D566B8A-EFEF-497E-A9FC-6F45BEFDB038}"
EndProject
Project("{FAE04EC0-301F-11D3-BF4B-00C04F79EFBC}") = "Bank.Commun", "Bank.Commun\Bank.Commun.csproj", "{5BFD020E-C02A-4CE0-8DFA-73D885ABAEC7}"
EndProject
Global
	GlobalSection(SolutionConfigurationPlatforms) = preSolution
		Debug|Any CPU = Debug|Any CPU
		Release|Any CPU = Release|Any CPU
	EndGlobalSection
	GlobalSection(ProjectConfigurationPlatforms) = postSolution
		{9A58B4F6-D356-487F-A432-4F0897A1E91A}.Debug|Any CPU.ActiveCfg = Debug|Any CPU
		{9A58B4F6-D356-487F-A432-4F0897A1E91A}.Debug|Any CPU.Build.0 = Debug|Any CPU
		{9A58B4F6-D356-487F-A432-4F0897A1E91A}.Release|Any CPU.ActiveCfg = Release|Any CPU
		{9A58B4F6-D356-487F-A432-4F0897A1E91A}.Release|Any CPU.Build.0 = Release|Any CPU
		{48A77E25-D8BF-4BFB-A8D4-746576DF3283}.Debug|Any CPU.ActiveCfg = Debug|Any CPU
		{48A77E25-D8BF-4BFB-A8D4-746576DF3283}.Debug|Any CPU.Build.0 = Debug|Any CPU
		{48A77E25-D8BF-4BFB-A8D4-746576DF3283}.Release|Any CPU.ActiveCfg = Release|Any CPU
		{48A77E25-D8BF-4BFB-A8D4-746576DF3283}.Release|Any CPU.Build.0 = Release|Any CPU
		{32263535-9104-4956-BBD8-2F3807E1FCC0}.Debug|Any CPU.ActiveCfg = Debug|Any CPU
		{32263535-9104-4956-BBD8-2F3807E1FCC0}.Debug|Any CPU.Build.0 = Debug|Any CPU
		{32263535-9104-4956-BBD8-2F3807E1FCC0}.Release|Any CPU.ActiveCfg = Release|Any CPU
		{32263535-9104-4956-BBD8-2F3807E1FCC0}.Release|Any CPU.Build.0 = Release|Any CPU
		{AE134FD8-03BA-4920-842F-F6B22BA87CF3}.Debug|Any CPU.ActiveCfg = Debug|Any CPU
		{AE134FD8-03BA-4920-842F-F6B22BA87CF3}.Debug|Any CPU.Build.0 = Debug|Any CPU
		{AE134FD8-03BA-4920-842F-F6B22BA87CF3}.Release|Any CPU.ActiveCfg = Release|Any CPU
		{AE134FD8-03BA-4920-842F-F6B22BA87CF3}.Release|Any CPU.Build.0 = Release|Any CPU
		{B5FCCD82-941C-43E1-B3BC-81A0AAAC9F31}.Debug|Any CPU.ActiveCfg = Debug|Any CPU
		{B5FCCD82-941C-43E1-B3BC-81A0AAAC9F31}.Debug|Any CPU.Build.0 = Debug|Any CPU
		{B5FCCD82-941C-43E1-B3BC-81A0AAAC9F31}.Release|Any CPU.ActiveCfg = Release|Any CPU
		{B5FCCD82-941C-43E1-B3BC-81A0AAAC9F31}.Release|Any CPU.Build.0 = Release|Any CPU
		{1146D718-DC00-44AC-A47C-D783926D9D96}.Debug|Any CPU.ActiveCfg = Debug|Any CPU
		{1146D718-DC00-44AC-A47C-D783926D9D96}.Debug|Any CPU.Build.0 = Debug|Any CPU
		{1146D718-DC00-44AC-A47C-D783926D9D96}.Release|Any CPU.ActiveCfg = Release|Any CPU
		{1146D718-DC00-44AC-A47C-D783926D9D96}.Release|Any CPU.Build.0 = Release|Any CPU
		{0814C660-B51A-4C63-B670-61CB1ADCA2C9}.Debug|Any CPU.ActiveCfg = Debug|Any CPU
		{0814C660-B51A-4C63-B670-61CB1ADCA2C9}.Debug|Any CPU.Build.0 = Debug|Any CPU
		{0814C660-B51A-4C63-B670-61CB1ADCA2C9}.Release|Any CPU.ActiveCfg = Release|Any CPU
		{0814C660-B51A-4C63-B670-61CB1ADCA2C9}.Release|Any CPU.Build.0 = Release|Any CPU
		{F73DFAF3-F727-4F97-B641-6682B7B756F6}.Debug|Any CPU.ActiveCfg = Debug|Any CPU
		{F73DFAF3-F727-4F97-B641-6682B7B756F6}.Debug|Any CPU.Build.0 = Debug|Any CPU
		{F73DFAF3-F727-4F97-B641-6682B7B756F6}.Release|Any CPU.ActiveCfg = Release|Any CPU
		{F73DFAF3-F727-4F97-B641-6682B7B756F6}.Release|Any CPU.Build.0 = Release|Any CPU
		{7DBD8D27-6C5B-46B7-A85F-A4E1F1176D8C}.Debug|Any CPU.ActiveCfg = Debug|Any CPU
		{7DBD8D27-6C5B-46B7-A85F-A4E1F1176D8C}.Debug|Any CPU.Build.0 = Debug|Any CPU
		{7DBD8D27-6C5B-46B7-A85F-A4E1F1176D8C}.Release|Any CPU.ActiveCfg = Release|Any CPU
		{7DBD8D27-6C5B-46B7-A85F-A4E1F1176D8C}.Release|Any CPU.Build.0 = Release|Any CPU
		{5BFD020E-C02A-4CE0-8DFA-73D885ABAEC7}.Debug|Any CPU.ActiveCfg = Debug|Any CPU
		{5BFD020E-C02A-4CE0-8DFA-73D885ABAEC7}.Debug|Any CPU.Build.0 = Debug|Any CPU
		{5BFD020E-C02A-4CE0-8DFA-73D885ABAEC7}.Release|Any CPU.ActiveCfg = Release|Any CPU
		{5BFD020E-C02A-4CE0-8DFA-73D885ABAEC7}.Release|Any CPU.Build.0 = Release|Any CPU
	EndGlobalSection
	GlobalSection(SolutionProperties) = preSolution
		HideSolutionNode = FALSE
	EndGlobalSection
	GlobalSection(NestedProjects) = preSolution
		{9A58B4F6-D356-487F-A432-4F0897A1E91A} = {040306F1-27EE-47E3-B37A-AAC1D7366A69}
		{48A77E25-D8BF-4BFB-A8D4-746576DF3283} = {D8C5323E-4B08-4F50-B8EC-6B771A13F6FA}
		{32263535-9104-4956-BBD8-2F3807E1FCC0} = {D8C5323E-4B08-4F50-B8EC-6B771A13F6FA}
		{AE134FD8-03BA-4920-842F-F6B22BA87CF3} = {ED568A9B-4113-4E9F-95DD-2AD60CBCDFC2}
		{B5FCCD82-941C-43E1-B3BC-81A0AAAC9F31} = {ED568A9B-4113-4E9F-95DD-2AD60CBCDFC2}
		{1146D718-DC00-44AC-A47C-D783926D9D96} = {49EA6319-25E4-4A0E-B630-7192DE21F158}
		{0814C660-B51A-4C63-B670-61CB1ADCA2C9} = {49EA6319-25E4-4A0E-B630-7192DE21F158}
		{F73DFAF3-F727-4F97-B641-6682B7B756F6} = {49EA6319-25E4-4A0E-B630-7192DE21F158}
		{7DBD8D27-6C5B-46B7-A85F-A4E1F1176D8C} = {040306F1-27EE-47E3-B37A-AAC1D7366A69}
		{5BFD020E-C02A-4CE0-8DFA-73D885ABAEC7} = {0D566B8A-EFEF-497E-A9FC-6F45BEFDB038}
	EndGlobalSection
	GlobalSection(ExtensibilityGlobals) = postSolution
		SolutionGuid = {9EFFDC42-0BB2-4063-A293-811D3D05CDA8}
	EndGlobalSection
EndGlobal
